
Microsoft Visual Studio Solution File, Format Version 12.00
# Visual Studio Version 17
VisualStudioVersion = 17.0.31903.59
MinimumVisualStudioVersion = 10.0.40219.1
Project("{2150E333-8FDC-42A3-9474-1A3956D46DE8}") = "src", "src", "{827E0CD3-B72D-47B6-A68D-7590B98EB39B}"
EndProject
Project("{FAE04EC0-301F-11D3-BF4B-00C04F79EFBC}") = "EasyTierHost.Abstractions", "src\EasyTierHost.Abstractions\EasyTierHost.Abstractions.csproj", "{831AE73F-3380-494A-84F2-14201B48A2D4}"
EndProject
Project("{FAE04EC0-301F-11D3-BF4B-00C04F79EFBC}") = "EasyTierHost.Core", "src\EasyTierHost.Core\EasyTierHost.Core.csproj", "{B1BE4FAE-B949-4E73-B15E-8C97B9221B4F}"
EndProject
Project("{FAE04EC0-301F-11D3-BF4B-00C04F79EFBC}") = "EasyTierHost.Network", "src\EasyTierHost.Network\EasyTierHost.Network.csproj", "{8E61EEAC-0F4D-47F6-80E4-E2C3841C9D33}"
EndProject
Project("{FAE04EC0-301F-11D3-BF4B-00C04F79EFBC}") = "EasyTierHost.Gateway", "src\EasyTierHost.Gateway\EasyTierHost.Gateway.csproj", "{0A021BD6-3D08-40A0-9511-4FD443E2EFDD}"
EndProject
Project("{FAE04EC0-301F-11D3-BF4B-00C04F79EFBC}") = "EasyTierHost.Service", "src\EasyTierHost.Service\EasyTierHost.Service.csproj", "{5BD09325-DF2F-4762-A71A-5C2DD16C49DF}"
EndProject
Project("{2150E333-8FDC-42A3-9474-1A3956D46DE8}") = "tests", "tests", "{0AB3BF05-4346-4AA6-1389-037BE0695223}"
EndProject
Project("{FAE04EC0-301F-11D3-BF4B-00C04F79EFBC}") = "EasyTierHost.UnitTests", "tests\EasyTierHost.UnitTests\EasyTierHost.UnitTests.csproj", "{9F88A64F-80AF-4A00-8EEB-B891C696A10D}"
EndProject
Global
	GlobalSection(SolutionConfigurationPlatforms) = preSolution
		Debug|Any CPU = Debug|Any CPU
		Debug|x64 = Debug|x64
		Debug|x86 = Debug|x86
		Release|Any CPU = Release|Any CPU
		Release|x64 = Release|x64
		Release|x86 = Release|x86
	EndGlobalSection
	GlobalSection(ProjectConfigurationPlatforms) = postSolution
		{831AE73F-3380-494A-84F2-14201B48A2D4}.Debug|Any CPU.ActiveCfg = Debug|Any CPU
		{831AE73F-3380-494A-84F2-14201B48A2D4}.Debug|Any CPU.Build.0 = Debug|Any CPU
		{831AE73F-3380-494A-84F2-14201B48A2D4}.Debug|x64.ActiveCfg = Debug|Any CPU
		{831AE73F-3380-494A-84F2-14201B48A2D4}.Debug|x64.Build.0 = Debug|Any CPU
		{831AE73F-3380-494A-84F2-14201B48A2D4}.Debug|x86.ActiveCfg = Debug|Any CPU
		{831AE73F-3380-494A-84F2-14201B48A2D4}.Debug|x86.Build.0 = Debug|Any CPU
		{831AE73F-3380-494A-84F2-14201B48A2D4}.Release|Any CPU.ActiveCfg = Release|Any CPU
		{831AE73F-3380-494A-84F2-14201B48A2D4}.Release|Any CPU.Build.0 = Release|Any CPU
		{831AE73F-3380-494A-84F2-14201B48A2D4}.Release|x64.ActiveCfg = Release|Any CPU
		{831AE73F-3380-494A-84F2-14201B48A2D4}.Release|x64.Build.0 = Release|Any CPU
		{831AE73F-3380-494A-84F2-14201B48A2D4}.Release|x86.ActiveCfg = Release|Any CPU
		{831AE73F-3380-494A-84F2-14201B48A2D4}.Release|x86.Build.0 = Release|Any CPU
		{B1BE4FAE-B949-4E73-B15E-8C97B9221B4F}.Debug|Any CPU.ActiveCfg = Debug|Any CPU
		{B1BE4FAE-B949-4E73-B15E-8C97B9221B4F}.Debug|Any CPU.Build.0 = Debug|Any CPU
		{B1BE4FAE-B949-4E73-B15E-8C97B9221B4F}.Debug|x64.ActiveCfg = Debug|Any CPU
		{B1BE4FAE-B949-4E73-B15E-8C97B9221B4F}.Debug|x64.Build.0 = Debug|Any CPU
		{B1BE4FAE-B949-4E73-B15E-8C97B9221B4F}.Debug|x86.ActiveCfg = Debug|Any CPU
		{B1BE4FAE-B949-4E73-B15E-8C97B9221B4F}.Debug|x86.Build.0 = Debug|Any CPU
		{B1BE4FAE-B949-4E73-B15E-8C97B9221B4F}.Release|Any CPU.ActiveCfg = Release|Any CPU
		{B1BE4FAE-B949-4E73-B15E-8C97B9221B4F}.Release|Any CPU.Build.0 = Release|Any CPU
		{B1BE4FAE-B949-4E73-B15E-8C97B9221B4F}.Release|x64.ActiveCfg = Release|Any CPU
		{B1BE4FAE-B949-4E73-B15E-8C97B9221B4F}.Release|x64.Build.0 = Release|Any CPU
		{B1BE4FAE-B949-4E73-B15E-8C97B9221B4F}.Release|x86.ActiveCfg = Release|Any CPU
		{B1BE4FAE-B949-4E73-B15E-8C97B9221B4F}.Release|x86.Build.0 = Release|Any CPU
		{8E61EEAC-0F4D-47F6-80E4-E2C3841C9D33}.Debug|Any CPU.ActiveCfg = Debug|Any CPU
		{8E61EEAC-0F4D-47F6-80E4-E2C3841C9D33}.Debug|Any CPU.Build.0 = Debug|Any CPU
		{8E61EEAC-0F4D-47F6-80E4-E2C3841C9D33}.Debug|x64.ActiveCfg = Debug|Any CPU
		{8E61EEAC-0F4D-47F6-80E4-E2C3841C9D33}.Debug|x64.Build.0 = Debug|Any CPU
		{8E61EEAC-0F4D-47F6-80E4-E2C3841C9D33}.Debug|x86.ActiveCfg = Debug|Any CPU
		{8E61EEAC-0F4D-47F6-80E4-E2C3841C9D33}.Debug|x86.Build.0 = Debug|Any CPU
		{8E61EEAC-0F4D-47F6-80E4-E2C3841C9D33}.Release|Any CPU.ActiveCfg = Release|Any CPU
		{8E61EEAC-0F4D-47F6-80E4-E2C3841C9D33}.Release|Any CPU.Build.0 = Release|Any CPU
		{8E61EEAC-0F4D-47F6-80E4-E2C3841C9D33}.Release|x64.ActiveCfg = Release|Any CPU
		{8E61EEAC-0F4D-47F6-80E4-E2C3841C9D33}.Release|x64.Build.0 = Release|Any CPU
		{8E61EEAC-0F4D-47F6-80E4-E2C3841C9D33}.Release|x86.ActiveCfg = Release|Any CPU
		{8E61EEAC-0F4D-47F6-80E4-E2C3841C9D33}.Release|x86.Build.0 = Release|Any CPU
		{0A021BD6-3D08-40A0-9511-4FD443E2EFDD}.Debug|Any CPU.ActiveCfg = Debug|Any CPU
		{0A021BD6-3D08-40A0-9511-4FD443E2EFDD}.Debug|Any CPU.Build.0 = Debug|Any CPU
		{0A021BD6-3D08-40A0-9511-4FD443E2EFDD}.Debug|x64.ActiveCfg = Debug|Any CPU
		{0A021BD6-3D08-40A0-9511-4FD443E2EFDD}.Debug|x64.Build.0 = Debug|Any CPU
		{0A021BD6-3D08-40A0-9511-4FD443E2EFDD}.Debug|x86.ActiveCfg = Debug|Any CPU
		{0A021BD6-3D08-40A0-9511-4FD443E2EFDD}.Debug|x86.Build.0 = Debug|Any CPU
		{0A021BD6-3D08-40A0-9511-4FD443E2EFDD}.Release|Any CPU.ActiveCfg = Release|Any CPU
		{0A021BD6-3D08-40A0-9511-4FD443E2EFDD}.Release|Any CPU.Build.0 = Release|Any CPU
		{0A021BD6-3D08-40A0-9511-4FD443E2EFDD}.Release|x64.ActiveCfg = Release|Any CPU
		{0A021BD6-3D08-40A0-9511-4FD443E2EFDD}.Release|x64.Build.0 = Release|Any CPU
		{0A021BD6-3D08-40A0-9511-4FD443E2EFDD}.Release|x86.ActiveCfg = Release|Any CPU
		{0A021BD6-3D08-40A0-9511-4FD443E2EFDD}.Release|x86.Build.0 = Release|Any CPU
		{5BD09325-DF2F-4762-A71A-5C2DD16C49DF}.Debug|Any CPU.ActiveCfg = Debug|Any CPU
		{5BD09325-DF2F-4762-A71A-5C2DD16C49DF}.Debug|Any CPU.Build.0 = Debug|Any CPU
		{5BD09325-DF2F-4762-A71A-5C2DD16C49DF}.Debug|x64.ActiveCfg = Debug|Any CPU
		{5BD09325-DF2F-4762-A71A-5C2DD16C49DF}.Debug|x64.Build.0 = Debug|Any CPU
		{5BD09325-DF2F-4762-A71A-5C2DD16C49DF}.Debug|x86.ActiveCfg = Debug|Any CPU
		{5BD09325-DF2F-4762-A71A-5C2DD16C49DF}.Debug|x86.Build.0 = Debug|Any CPU
		{5BD09325-DF2F-4762-A71A-5C2DD16C49DF}.Release|Any CPU.ActiveCfg = Release|Any CPU
		{5BD09325-DF2F-4762-A71A-5C2DD16C49DF}.Release|Any CPU.Build.0 = Release|Any CPU
		{5BD09325-DF2F-4762-A71A-5C2DD16C49DF}.Release|x64.ActiveCfg = Release|Any CPU
		{5BD09325-DF2F-4762-A71A-5C2DD16C49DF}.Release|x64.Build.0 = Release|Any CPU
		{5BD09325-DF2F-4762-A71A-5C2DD16C49DF}.Release|x86.ActiveCfg = Release|Any CPU
		{5BD09325-DF2F-4762-A71A-5C2DD16C49DF}.Release|x86.Build.0 = Release|Any CPU
		{9F88A64F-80AF-4A00-8EEB-B891C696A10D}.Debug|Any CPU.ActiveCfg = Debug|Any CPU
		{9F88A64F-80AF-4A00-8EEB-B891C696A10D}.Debug|Any CPU.Build.0 = Debug|Any CPU
		{9F88A64F-80AF-4A00-8EEB-B891C696A10D}.Debug|x64.ActiveCfg = Debug|Any CPU
		{9F88A64F-80AF-4A00-8EEB-B891C696A10D}.Debug|x64.Build.0 = Debug|Any CPU
		{9F88A64F-80AF-4A00-8EEB-B891C696A10D}.Debug|x86.ActiveCfg = Debug|Any CPU
		{9F88A64F-80AF-4A00-8EEB-B891C696A10D}.Debug|x86.Build.0 = Debug|Any CPU
		{9F88A64F-80AF-4A00-8EEB-B891C696A10D}.Release|Any CPU.ActiveCfg = Release|Any CPU
		{9F88A64F-80AF-4A00-8EEB-B891C696A10D}.Release|Any CPU.Build.0 = Release|Any CPU
		{9F88A64F-80AF-4A00-8EEB-B891C696A10D}.Release|x64.ActiveCfg = Release|Any CPU
		{9F88A64F-80AF-4A00-8EEB-B891C696A10D}.Release|x64.Build.0 = Release|Any CPU
		{9F88A64F-80AF-4A00-8EEB-B891C696A10D}.Release|x86.ActiveCfg = Release|Any CPU
		{9F88A64F-80AF-4A00-8EEB-B891C696A10D}.Release|x86.Build.0 = Release|Any CPU
	EndGlobalSection
	GlobalSection(SolutionProperties) = preSolution
		HideSolutionNode = FALSE
	EndGlobalSection
	GlobalSection(NestedProjects) = preSolution
		{831AE73F-3380-494A-84F2-14201B48A2D4} = {827E0CD3-B72D-47B6-A68D-7590B98EB39B}
		{B1BE4FAE-B949-4E73-B15E-8C97B9221B4F} = {827E0CD3-B72D-47B6-A68D-7590B98EB39B}
		{8E61EEAC-0F4D-47F6-80E4-E2C3841C9D33} = {827E0CD3-B72D-47B6-A68D-7590B98EB39B}
		{0A021BD6-3D08-40A0-9511-4FD443E2EFDD} = {827E0CD3-B72D-47B6-A68D-7590B98EB39B}
		{5BD09325-DF2F-4762-A71A-5C2DD16C49DF} = {827E0CD3-B72D-47B6-A68D-7590B98EB39B}
		{9F88A64F-80AF-4A00-8EEB-B891C696A10D} = {0AB3BF05-4346-4AA6-1389-037BE0695223}
	EndGlobalSection
EndGlobal
